
Microsoft Visual Studio Solution File, Format Version 12.00
# Visual Studio 2012
Project("{FAE04EC0-301F-11D3-BF4B-00C04F79EFBC}") = "CWAnalytics", "CWAnalytics.csproj", "{31584F09-8CF6-4D89-82D4-CCF212CE6A15}"
EndProject
Project("{FAE04EC0-301F-11D3-BF4B-00C04F79EFBC}") = "Tests", "..\Tests\Tests.csproj", "{28FA03D9-DC8D-4648-A58D-C3B36F8CFF2A}"
EndProject
Project("{FAE04EC0-301F-11D3-BF4B-00C04F79EFBC}") = "Piwik.Tracker", "..\Piwik.Tracker\Piwik.Tracker.csproj", "{C3BB0E94-F45C-4691-81FF-061FC20E3209}"
EndProject
Project("{FAE04EC0-301F-11D3-BF4B-00C04F79EFBC}") = "TestConsole", "..\TestConsole\TestConsole.csproj", "{736CF2E2-876B-49CD-972D-6497E4AE14CB}"
EndProject
Global
	GlobalSection(SolutionConfigurationPlatforms) = preSolution
		Debug|Any CPU = Debug|Any CPU
		Release|Any CPU = Release|Any CPU
	EndGlobalSection
	GlobalSection(ProjectConfigurationPlatforms) = postSolution
		{31584F09-8CF6-4D89-82D4-CCF212CE6A15}.Debug|Any CPU.ActiveCfg = Debug|Any CPU
		{31584F09-8CF6-4D89-82D4-CCF212CE6A15}.Debug|Any CPU.Build.0 = Debug|Any CPU
		{31584F09-8CF6-4D89-82D4-CCF212CE6A15}.Release|Any CPU.ActiveCfg = Release|Any CPU
		{31584F09-8CF6-4D89-82D4-CCF212CE6A15}.Release|Any CPU.Build.0 = Release|Any CPU
		{28FA03D9-DC8D-4648-A58D-C3B36F8CFF2A}.Debug|Any CPU.ActiveCfg = Debug|Any CPU
		{28FA03D9-DC8D-4648-A58D-C3B36F8CFF2A}.Debug|Any CPU.Build.0 = Debug|Any CPU
		{28FA03D9-DC8D-4648-A58D-C3B36F8CFF2A}.Release|Any CPU.ActiveCfg = Release|Any CPU
		{28FA03D9-DC8D-4648-A58D-C3B36F8CFF2A}.Release|Any CPU.Build.0 = Release|Any CPU
		{C3BB0E94-F45C-4691-81FF-061FC20E3209}.Debug|Any CPU.ActiveCfg = Debug|Any CPU
		{C3BB0E94-F45C-4691-81FF-061FC20E3209}.Debug|Any CPU.Build.0 = Debug|Any CPU
		{C3BB0E94-F45C-4691-81FF-061FC20E3209}.Release|Any CPU.ActiveCfg = Release|Any CPU
		{C3BB0E94-F45C-4691-81FF-061FC20E3209}.Release|Any CPU.Build.0 = Release|Any CPU
		{736CF2E2-876B-49CD-972D-6497E4AE14CB}.Debug|Any CPU.ActiveCfg = Debug|Any CPU
		{736CF2E2-876B-49CD-972D-6497E4AE14CB}.Debug|Any CPU.Build.0 = Debug|Any CPU
		{736CF2E2-876B-49CD-972D-6497E4AE14CB}.Release|Any CPU.ActiveCfg = Release|Any CPU
		{736CF2E2-876B-49CD-972D-6497E4AE14CB}.Release|Any CPU.Build.0 = Release|Any CPU
	EndGlobalSection
	GlobalSection(SolutionProperties) = preSolution
		HideSolutionNode = FALSE
	EndGlobalSection
EndGlobal
